
Microsoft Visual Studio Solution File, Format Version 12.00
# Visual Studio Version 17
VisualStudioVersion = 17.10.34804.81
MinimumVisualStudioVersion = 10.0.40219.1
Project("{FAE04EC0-301F-11D3-BF4B-00C04F79EFBC}") = "Blob2Live", "Blob2Live.csproj", "{9156BFE4-DB0D-4130-80B4-F628BB5AD1DC}"
EndProject
Global
	GlobalSection(SolutionConfigurationPlatforms) = preSolution
		Debug|Any CPU = Debug|Any CPU
		Release|Any CPU = Release|Any CPU
	EndGlobalSection
	GlobalSection(ProjectConfigurationPlatforms) = postSolution
		{9156BFE4-DB0D-4130-80B4-F628BB5AD1DC}.Debug|Any CPU.ActiveCfg = Debug|Any CPU
		{9156BFE4-DB0D-4130-80B4-F628BB5AD1DC}.Debug|Any CPU.Build.0 = Debug|Any CPU
		{9156BFE4-DB0D-4130-80B4-F628BB5AD1DC}.Release|Any CPU.ActiveCfg = Release|Any CPU
		{9156BFE4-DB0D-4130-80B4-F628BB5AD1DC}.Release|Any CPU.Build.0 = Release|Any CPU
	EndGlobalSection
	GlobalSection(SolutionProperties) = preSolution
		HideSolutionNode = FALSE
	EndGlobalSection
	GlobalSection(ExtensibilityGlobals) = postSolution
		SolutionGuid = {CEDC0C6B-320A-4446-83A0-CC659C5F152B}
	EndGlobalSection
EndGlobal
